// !$*UTF8*$!
{
	archiveVersion = 1;
	classes = {
	};
	objectVersion = 46;
	objects = {

/* Begin PBXBuildFile section */
		3791964298628EBFFBEDEE13 /* libPods.a in Frameworks */ = {isa = PBXBuildFile; fileRef = A232FDE467A7A9AD2E7EFC08 /* libPods.a */; };
		3B16E74A1C28582E00B14CD4 /* main.m in Sources */ = {isa = PBXBuildFile; fileRef = 3B16E7491C28582E00B14CD4 /* main.m */; };
		3B16E74D1C28582E00B14CD4 /* AppDelegate.m in Sources */ = {isa = PBXBuildFile; fileRef = 3B16E74C1C28582E00B14CD4 /* AppDelegate.m */; };
		3B16E7501C28582E00B14CD4 /* ViewController.m in Sources */ = {isa = PBXBuildFile; fileRef = 3B16E74F1C28582E00B14CD4 /* ViewController.m */; };
		3B16E7531C28582E00B14CD4 /* Main.storyboard in Resources */ = {isa = PBXBuildFile; fileRef = 3B16E7511C28582E00B14CD4 /* Main.storyboard */; };
		3B16E7551C28582E00B14CD4 /* Assets.xcassets in Resources */ = {isa = PBXBuildFile; fileRef = 3B16E7541C28582E00B14CD4 /* Assets.xcassets */; };
		3B16E7581C28582E00B14CD4 /* LaunchScreen.storyboard in Resources */ = {isa = PBXBuildFile; fileRef = 3B16E7561C28582E00B14CD4 /* LaunchScreen.storyboard */; };
		3B16E7601C285DB400B14CD4 /* libsqlite3.0.tbd in Frameworks */ = {isa = PBXBuildFile; fileRef = 3B16E75F1C285DB400B14CD4 /* libsqlite3.0.tbd */; };
		3B16E7631C285E2D00B14CD4 /* Podfile in Resources */ = {isa = PBXBuildFile; fileRef = 3B16E7621C285E2D00B14CD4 /* Podfile */; };
		3B16E7731C29099200B14CD4 /* RnLoginViewController.m in Sources */ = {isa = PBXBuildFile; fileRef = 3B16E7721C29099200B14CD4 /* RnLoginViewController.m */; };
		3B16E78E1C2909FD00B14CD4 /* login_textfield_bottom.png in Resources */ = {isa = PBXBuildFile; fileRef = 3B16E7741C2909FD00B14CD4 /* login_textfield_bottom.png */; };
		3B16E78F1C2909FD00B14CD4 /* login_textfield_bottom@2x.png in Resources */ = {isa = PBXBuildFile; fileRef = 3B16E7751C2909FD00B14CD4 /* login_textfield_bottom@2x.png */; };
		3B16E7901C2909FD00B14CD4 /* login_textfield_mid.png in Resources */ = {isa = PBXBuildFile; fileRef = 3B16E7761C2909FD00B14CD4 /* login_textfield_mid.png */; };
		3B16E7911C2909FD00B14CD4 /* login_textfield_top.png in Resources */ = {isa = PBXBuildFile; fileRef = 3B16E7771C2909FD00B14CD4 /* login_textfield_top.png */; };
		3B16E7921C2909FD00B14CD4 /* login_textfield_top@2x.png in Resources */ = {isa = PBXBuildFile; fileRef = 3B16E7781C2909FD00B14CD4 /* login_textfield_top@2x.png */; };
		3B16E7931C2909FD00B14CD4 /* login_textfield_more_flip.png in Resources */ = {isa = PBXBuildFile; fileRef = 3B16E7791C2909FD00B14CD4 /* login_textfield_more_flip.png */; };
		3B16E7941C2909FD00B14CD4 /* login_textfield_more_flip@2x.png in Resources */ = {isa = PBXBuildFile; fileRef = 3B16E77A1C2909FD00B14CD4 /* login_textfield_more_flip@2x.png */; };
		3B16E7951C2909FD00B14CD4 /* login_textfield_more.png in Resources */ = {isa = PBXBuildFile; fileRef = 3B16E77B1C2909FD00B14CD4 /* login_textfield_more.png */; };
		3B16E7961C2909FD00B14CD4 /* login_textfield_more@2x.png in Resources */ = {isa = PBXBuildFile; fileRef = 3B16E77C1C2909FD00B14CD4 /* login_textfield_more@2x.png */; };
		3B16E7971C2909FD00B14CD4 /* login_textfield.png in Resources */ = {isa = PBXBuildFile; fileRef = 3B16E77D1C2909FD00B14CD4 /* login_textfield.png */; };
		3B16E7981C2909FD00B14CD4 /* login_textfield@2x.png in Resources */ = {isa = PBXBuildFile; fileRef = 3B16E77E1C2909FD00B14CD4 /* login_textfield@2x.png */; };
		3B16E7991C2909FD00B14CD4 /* login_avatar_default.png in Resources */ = {isa = PBXBuildFile; fileRef = 3B16E77F1C2909FD00B14CD4 /* login_avatar_default.png */; };
		3B16E79A1C2909FD00B14CD4 /* login_avatar_default@2x.png in Resources */ = {isa = PBXBuildFile; fileRef = 3B16E7801C2909FD00B14CD4 /* login_avatar_default@2x.png */; };
		3B16E79B1C2909FD00B14CD4 /* login_avatar.png in Resources */ = {isa = PBXBuildFile; fileRef = 3B16E7811C2909FD00B14CD4 /* login_avatar.png */; };
		3B16E79C1C2909FD00B14CD4 /* login_avatar@2x.png in Resources */ = {isa = PBXBuildFile; fileRef = 3B16E7821C2909FD00B14CD4 /* login_avatar@2x.png */; };
		3B16E79D1C2909FD00B14CD4 /* login_dropdown_avatar_border.png in Resources */ = {isa = PBXBuildFile; fileRef = 3B16E7831C2909FD00B14CD4 /* login_dropdown_avatar_border.png */; };
		3B16E79E1C2909FD00B14CD4 /* login_dropdown_avatar_border@2x.png in Resources */ = {isa = PBXBuildFile; fileRef = 3B16E7841C2909FD00B14CD4 /* login_dropdown_avatar_border@2x.png */; };
		3B16E79F1C2909FD00B14CD4 /* login_dropdown_bg.png in Resources */ = {isa = PBXBuildFile; fileRef = 3B16E7851C2909FD00B14CD4 /* login_dropdown_bg.png */; };
		3B16E7A01C2909FD00B14CD4 /* login_dropdown_bg@2x.png in Resources */ = {isa = PBXBuildFile; fileRef = 3B16E7861C2909FD00B14CD4 /* login_dropdown_bg@2x.png */; };
		3B16E7A11C2909FD00B14CD4 /* login_btn_blue_nor.png in Resources */ = {isa = PBXBuildFile; fileRef = 3B16E7871C2909FD00B14CD4 /* login_btn_blue_nor.png */; };
		3B16E7A21C2909FD00B14CD4 /* login_btn_blue_nor@2x.png in Resources */ = {isa = PBXBuildFile; fileRef = 3B16E7881C2909FD00B14CD4 /* login_btn_blue_nor@2x.png */; };
		3B16E7A31C2909FD00B14CD4 /* login_btn_blue_press.png in Resources */ = {isa = PBXBuildFile; fileRef = 3B16E7891C2909FD00B14CD4 /* login_btn_blue_press.png */; };
		3B16E7A41C2909FD00B14CD4 /* login_btn_blue_press@2x.png in Resources */ = {isa = PBXBuildFile; fileRef = 3B16E78A1C2909FD00B14CD4 /* login_btn_blue_press@2x.png */; };
		3B16E7A51C2909FD00B14CD4 /* login_bg_ip5@2x.jpg in Resources */ = {isa = PBXBuildFile; fileRef = 3B16E78B1C2909FD00B14CD4 /* login_bg_ip5@2x.jpg */; };
		3B16E7A61C2909FD00B14CD4 /* login_bg.jpg in Resources */ = {isa = PBXBuildFile; fileRef = 3B16E78C1C2909FD00B14CD4 /* login_bg.jpg */; };
		3B16E7A71C2909FD00B14CD4 /* login_bg@2x.jpg in Resources */ = {isa = PBXBuildFile; fileRef = 3B16E78D1C2909FD00B14CD4 /* login_bg@2x.jpg */; };
		3B16E7AC1C290F1900B14CD4 /* RnButton.m in Sources */ = {isa = PBXBuildFile; fileRef = 3B16E7AB1C290F1900B14CD4 /* RnButton.m */; };
		3B16E7B01C29149B00B14CD4 /* ApiManager.m in Sources */ = {isa = PBXBuildFile; fileRef = 3B16E7AF1C29149B00B14CD4 /* ApiManager.m */; };
		3B5C69CD1C2FF7E900D1AA61 /* RnMeSexSettingViewController.m in Sources */ = {isa = PBXBuildFile; fileRef = 3B5C69CB1C2FF7E900D1AA61 /* RnMeSexSettingViewController.m */; };
		3B5C69DA1C31847A00D1AA61 /* SGActionView.m in Sources */ = {isa = PBXBuildFile; fileRef = 3B5C69D11C31847A00D1AA61 /* SGActionView.m */; };
		3B5C69DB1C31847A00D1AA61 /* SGAlertMenu.m in Sources */ = {isa = PBXBuildFile; fileRef = 3B5C69D31C31847A00D1AA61 /* SGAlertMenu.m */; };
		3B5C69DC1C31847A00D1AA61 /* SGBaseMenu.m in Sources */ = {isa = PBXBuildFile; fileRef = 3B5C69D51C31847A00D1AA61 /* SGBaseMenu.m */; };
		3B5C69DD1C31847A00D1AA61 /* SGGridMenu.m in Sources */ = {isa = PBXBuildFile; fileRef = 3B5C69D71C31847A00D1AA61 /* SGGridMenu.m */; };
		3B5C69DE1C31847A00D1AA61 /* SGSheetMenu.m in Sources */ = {isa = PBXBuildFile; fileRef = 3B5C69D91C31847A00D1AA61 /* SGSheetMenu.m */; };
		3B5C69E21C31888200D1AA61 /* MBButtonMenuViewController.m in Sources */ = {isa = PBXBuildFile; fileRef = 3B5C69E11C31888200D1AA61 /* MBButtonMenuViewController.m */; };
		3B5C69EE1C37640E00D1AA61 /* RnMeCellPushViewController.m in Sources */ = {isa = PBXBuildFile; fileRef = 3B5C69ED1C37640E00D1AA61 /* RnMeCellPushViewController.m */; };
		3B5C69F51C37BC7A00D1AA61 /* school.plist in Resources */ = {isa = PBXBuildFile; fileRef = 3B5C69F41C37BC7A00D1AA61 /* school.plist */; };
		3B5C69FB1C37C58200D1AA61 /* RnBasicViewController.m in Sources */ = {isa = PBXBuildFile; fileRef = 3B5C69FA1C37C58200D1AA61 /* RnBasicViewController.m */; };
		3B5C69FE1C37C5A200D1AA61 /* RnBaicTableViewCell.m in Sources */ = {isa = PBXBuildFile; fileRef = 3B5C69FD1C37C5A200D1AA61 /* RnBaicTableViewCell.m */; };
		3B5C6A011C37C87100D1AA61 /* RnBasicView.m in Sources */ = {isa = PBXBuildFile; fileRef = 3B5C6A001C37C87100D1AA61 /* RnBasicView.m */; };
		3B6007331C2E8CF100F0CE8D /* AccountTable.m in Sources */ = {isa = PBXBuildFile; fileRef = 3B6007321C2E8CF100F0CE8D /* AccountTable.m */; };
		3B6007361C2E932600F0CE8D /* RnMeInfoViewController.m in Sources */ = {isa = PBXBuildFile; fileRef = 3B6007351C2E932600F0CE8D /* RnMeInfoViewController.m */; };
		3B60073A1C2E94BA00F0CE8D /* me.plist in Resources */ = {isa = PBXBuildFile; fileRef = 3B6007391C2E94BA00F0CE8D /* me.plist */; };
		3B60073D1C2FB2C900F0CE8D /* MBProgressHUD+MJ.m in Sources */ = {isa = PBXBuildFile; fileRef = 3B60073C1C2FB2C900F0CE8D /* MBProgressHUD+MJ.m */; };
		3B60073F1C2FC31800F0CE8D /* top_navigation_back@2x.png in Resources */ = {isa = PBXBuildFile; fileRef = 3B60073E1C2FC31800F0CE8D /* top_navigation_back@2x.png */; };
		3B72E6731C292AF30009F523 /* 2.jpeg in Resources */ = {isa = PBXBuildFile; fileRef = 3B72E6701C292AF30009F523 /* 2.jpeg */; };
		3B72E6741C292AF30009F523 /* 3.jpeg in Resources */ = {isa = PBXBuildFile; fileRef = 3B72E6711C292AF30009F523 /* 3.jpeg */; };
		3B72E6751C292AF30009F523 /* 1.jpeg in Resources */ = {isa = PBXBuildFile; fileRef = 3B72E6721C292AF30009F523 /* 1.jpeg */; };
		3B72E6781C292C490009F523 /* RnAccountScrollView.m in Sources */ = {isa = PBXBuildFile; fileRef = 3B72E6771C292C490009F523 /* RnAccountScrollView.m */; };
		3B72E67B1C2AAFB70009F523 /* RnNavigationController.m in Sources */ = {isa = PBXBuildFile; fileRef = 3B72E67A1C2AAFB70009F523 /* RnNavigationController.m */; };
		3B72E6801C2AC2080009F523 /* RnRegisterViewController.m in Sources */ = {isa = PBXBuildFile; fileRef = 3B72E67E1C2AC2080009F523 /* RnRegisterViewController.m */; };
		3B72E6881C2AE86C0009F523 /* RnFogotPwdViewController.m in Sources */ = {isa = PBXBuildFile; fileRef = 3B72E6861C2AE86C0009F523 /* RnFogotPwdViewController.m */; };
		3B72E68C1C2C1E450009F523 /* setting.plist in Resources */ = {isa = PBXBuildFile; fileRef = 3B72E68B1C2C1E450009F523 /* setting.plist */; };
		3B72E68F1C2C20D80009F523 /* RnSettingItem.m in Sources */ = {isa = PBXBuildFile; fileRef = 3B72E68E1C2C20D80009F523 /* RnSettingItem.m */; };
		3B72E6941C2C3F4C0009F523 /* RnSettingItemCell.m in Sources */ = {isa = PBXBuildFile; fileRef = 3B72E6931C2C3F4C0009F523 /* RnSettingItemCell.m */; };
		3B72E6971C2C44D30009F523 /* RnBasicSettingViewController.m in Sources */ = {isa = PBXBuildFile; fileRef = 3B72E6961C2C44D30009F523 /* RnBasicSettingViewController.m */; };
		3B72E69A1C2CFC750009F523 /* RnMeSettingViewController.m in Sources */ = {isa = PBXBuildFile; fileRef = 3B72E6991C2CFC750009F523 /* RnMeSettingViewController.m */; };
		3B72E6A51C2E4F2C0009F523 /* RnViewCell.m in Sources */ = {isa = PBXBuildFile; fileRef = 3B72E6A41C2E4F2C0009F523 /* RnViewCell.m */; };
		3BF350CE1C2FCAAE00A5C7A1 /* RnPreferenceSettingViewController.m in Sources */ = {isa = PBXBuildFile; fileRef = 3BF350CD1C2FCAAE00A5C7A1 /* RnPreferenceSettingViewController.m */; };
		3BF350D01C2FCB3600A5C7A1 /* preference.plist in Resources */ = {isa = PBXBuildFile; fileRef = 3BF350CF1C2FCB3600A5C7A1 /* preference.plist */; };
		3BF350D21C2FD66900A5C7A1 /* device.plist in Resources */ = {isa = PBXBuildFile; fileRef = 3BF350D11C2FD66900A5C7A1 /* device.plist */; };
		3BF350D51C2FD6E300A5C7A1 /* RnDeviceSettingViewController.m in Sources */ = {isa = PBXBuildFile; fileRef = 3BF350D41C2FD6E300A5C7A1 /* RnDeviceSettingViewController.m */; };
		3BF350D71C2FD85600A5C7A1 /* aboutApp.plist in Resources */ = {isa = PBXBuildFile; fileRef = 3BF350D61C2FD85600A5C7A1 /* aboutApp.plist */; };
		3BF350DA1C2FD8F000A5C7A1 /* RnAboutAppSettingViewController.m in Sources */ = {isa = PBXBuildFile; fileRef = 3BF350D91C2FD8F000A5C7A1 /* RnAboutAppSettingViewController.m */; };
/* End PBXBuildFile section */

/* Begin PBXFileReference section */
		3B16E7451C28582E00B14CD4 /* soxia.app */ = {isa = PBXFileReference; explicitFileType = wrapper.application; includeInIndex = 0; path = soxia.app; sourceTree = BUILT_PRODUCTS_DIR; };
		3B16E7491C28582E00B14CD4 /* main.m */ = {isa = PBXFileReference; lastKnownFileType = sourcecode.c.objc; path = main.m; sourceTree = "<group>"; };
		3B16E74B1C28582E00B14CD4 /* AppDelegate.h */ = {isa = PBXFileReference; lastKnownFileType = sourcecode.c.h; name = AppDelegate.h; path = ../AppDelegate.h; sourceTree = "<group>"; };
		3B16E74C1C28582E00B14CD4 /* AppDelegate.m */ = {isa = PBXFileReference; lastKnownFileType = sourcecode.c.objc; name = AppDelegate.m; path = ../AppDelegate.m; sourceTree = "<group>"; };
		3B16E74E1C28582E00B14CD4 /* ViewController.h */ = {isa = PBXFileReference; lastKnownFileType = sourcecode.c.h; path = ViewController.h; sourceTree = "<group>"; };
		3B16E74F1C28582E00B14CD4 /* ViewController.m */ = {isa = PBXFileReference; lastKnownFileType = sourcecode.c.objc; path = ViewController.m; sourceTree = "<group>"; };
		3B16E7521C28582E00B14CD4 /* Base */ = {isa = PBXFileReference; lastKnownFileType = file.storyboard; name = Base; path = Base.lproj/Main.storyboard; sourceTree = "<group>"; };
		3B16E7541C28582E00B14CD4 /* Assets.xcassets */ = {isa = PBXFileReference; lastKnownFileType = folder.assetcatalog; path = Assets.xcassets; sourceTree = "<group>"; };
		3B16E7571C28582E00B14CD4 /* Base */ = {isa = PBXFileReference; lastKnownFileType = file.storyboard; name = Base; path = Base.lproj/LaunchScreen.storyboard; sourceTree = "<group>"; };
		3B16E7591C28582E00B14CD4 /* Info.plist */ = {isa = PBXFileReference; lastKnownFileType = text.plist.xml; path = Info.plist; sourceTree = "<group>"; };
		3B16E75F1C285DB400B14CD4 /* libsqlite3.0.tbd */ = {isa = PBXFileReference; lastKnownFileType = "sourcecode.text-based-dylib-definition"; name = libsqlite3.0.tbd; path = usr/lib/libsqlite3.0.tbd; sourceTree = SDKROOT; };
		3B16E7611C285DCB00B14CD4 /* PrefixHeader.pch */ = {isa = PBXFileReference; lastKnownFileType = sourcecode.c.h; path = PrefixHeader.pch; sourceTree = "<group>"; };
		3B16E7621C285E2D00B14CD4 /* Podfile */ = {isa = PBXFileReference; fileEncoding = 4; lastKnownFileType = text; path = Podfile; sourceTree = "<group>"; };
		3B16E7711C29099200B14CD4 /* RnLoginViewController.h */ = {isa = PBXFileReference; fileEncoding = 4; lastKnownFileType = sourcecode.c.h; path = RnLoginViewController.h; sourceTree = "<group>"; };
		3B16E7721C29099200B14CD4 /* RnLoginViewController.m */ = {isa = PBXFileReference; fileEncoding = 4; lastKnownFileType = sourcecode.c.objc; path = RnLoginViewController.m; sourceTree = "<group>"; };
		3B16E7741C2909FD00B14CD4 /* login_textfield_bottom.png */ = {isa = PBXFileReference; lastKnownFileType = image.png; path = login_textfield_bottom.png; sourceTree = "<group>"; };
		3B16E7751C2909FD00B14CD4 /* login_textfield_bottom@2x.png */ = {isa = PBXFileReference; lastKnownFileType = image.png; path = "login_textfield_bottom@2x.png"; sourceTree = "<group>"; };
		3B16E7761C2909FD00B14CD4 /* login_textfield_mid.png */ = {isa = PBXFileReference; lastKnownFileType = image.png; path = login_textfield_mid.png; sourceTree = "<group>"; };
		3B16E7771C2909FD00B14CD4 /* login_textfield_top.png */ = {isa = PBXFileReference; lastKnownFileType = image.png; path = login_textfield_top.png; sourceTree = "<group>"; };
		3B16E7781C2909FD00B14CD4 /* login_textfield_top@2x.png */ = {isa = PBXFileReference; lastKnownFileType = image.png; path = "login_textfield_top@2x.png"; sourceTree = "<group>"; };
		3B16E7791C2909FD00B14CD4 /* login_textfield_more_flip.png */ = {isa = PBXFileReference; lastKnownFileType = image.png; path = login_textfield_more_flip.png; sourceTree = "<group>"; };
		3B16E77A1C2909FD00B14CD4 /* login_textfield_more_flip@2x.png */ = {isa = PBXFileReference; lastKnownFileType = image.png; path = "login_textfield_more_flip@2x.png"; sourceTree = "<group>"; };
		3B16E77B1C2909FD00B14CD4 /* login_textfield_more.png */ = {isa = PBXFileReference; lastKnownFileType = image.png; path = login_textfield_more.png; sourceTree = "<group>"; };
		3B16E77C1C2909FD00B14CD4 /* login_textfield_more@2x.png */ = {isa = PBXFileReference; lastKnownFileType = image.png; path = "login_textfield_more@2x.png"; sourceTree = "<group>"; };
		3B16E77D1C2909FD00B14CD4 /* login_textfield.png */ = {isa = PBXFileReference; lastKnownFileType = image.png; path = login_textfield.png; sourceTree = "<group>"; };
		3B16E77E1C2909FD00B14CD4 /* login_textfield@2x.png */ = {isa = PBXFileReference; lastKnownFileType = image.png; path = "login_textfield@2x.png"; sourceTree = "<group>"; };
		3B16E77F1C2909FD00B14CD4 /* login_avatar_default.png */ = {isa = PBXFileReference; lastKnownFileType = image.png; path = login_avatar_default.png; sourceTree = "<group>"; };
		3B16E7801C2909FD00B14CD4 /* login_avatar_default@2x.png */ = {isa = PBXFileReference; lastKnownFileType = image.png; path = "login_avatar_default@2x.png"; sourceTree = "<group>"; };
		3B16E7811C2909FD00B14CD4 /* login_avatar.png */ = {isa = PBXFileReference; lastKnownFileType = image.png; path = login_avatar.png; sourceTree = "<group>"; };
		3B16E7821C2909FD00B14CD4 /* login_avatar@2x.png */ = {isa = PBXFileReference; lastKnownFileType = image.png; path = "login_avatar@2x.png"; sourceTree = "<group>"; };
		3B16E7831C2909FD00B14CD4 /* login_dropdown_avatar_border.png */ = {isa = PBXFileReference; lastKnownFileType = image.png; path = login_dropdown_avatar_border.png; sourceTree = "<group>"; };
		3B16E7841C2909FD00B14CD4 /* login_dropdown_avatar_border@2x.png */ = {isa = PBXFileReference; lastKnownFileType = image.png; path = "login_dropdown_avatar_border@2x.png"; sourceTree = "<group>"; };
		3B16E7851C2909FD00B14CD4 /* login_dropdown_bg.png */ = {isa = PBXFileReference; lastKnownFileType = image.png; path = login_dropdown_bg.png; sourceTree = "<group>"; };
		3B16E7861C2909FD00B14CD4 /* login_dropdown_bg@2x.png */ = {isa = PBXFileReference; lastKnownFileType = image.png; path = "login_dropdown_bg@2x.png"; sourceTree = "<group>"; };
		3B16E7871C2909FD00B14CD4 /* login_btn_blue_nor.png */ = {isa = PBXFileReference; lastKnownFileType = image.png; path = login_btn_blue_nor.png; sourceTree = "<group>"; };
		3B16E7881C2909FD00B14CD4 /* login_btn_blue_nor@2x.png */ = {isa = PBXFileReference; lastKnownFileType = image.png; path = "login_btn_blue_nor@2x.png"; sourceTree = "<group>"; };
		3B16E7891C2909FD00B14CD4 /* login_btn_blue_press.png */ = {isa = PBXFileReference; lastKnownFileType = image.png; path = login_btn_blue_press.png; sourceTree = "<group>"; };
		3B16E78A1C2909FD00B14CD4 /* login_btn_blue_press@2x.png */ = {isa = PBXFileReference; lastKnownFileType = image.png; path = "login_btn_blue_press@2x.png"; sourceTree = "<group>"; };
		3B16E78B1C2909FD00B14CD4 /* login_bg_ip5@2x.jpg */ = {isa = PBXFileReference; lastKnownFileType = image.jpeg; path = "login_bg_ip5@2x.jpg"; sourceTree = "<group>"; };
		3B16E78C1C2909FD00B14CD4 /* login_bg.jpg */ = {isa = PBXFileReference; lastKnownFileType = image.jpeg; path = login_bg.jpg; sourceTree = "<group>"; };
		3B16E78D1C2909FD00B14CD4 /* login_bg@2x.jpg */ = {isa = PBXFileReference; lastKnownFileType = image.jpeg; path = "login_bg@2x.jpg"; sourceTree = "<group>"; };
		3B16E7AA1C290F1900B14CD4 /* RnButton.h */ = {isa = PBXFileReference; fileEncoding = 4; lastKnownFileType = sourcecode.c.h; path = RnButton.h; sourceTree = "<group>"; };
		3B16E7AB1C290F1900B14CD4 /* RnButton.m */ = {isa = PBXFileReference; fileEncoding = 4; lastKnownFileType = sourcecode.c.objc; path = RnButton.m; sourceTree = "<group>"; };
		3B16E7AE1C29149B00B14CD4 /* ApiManager.h */ = {isa = PBXFileReference; fileEncoding = 4; lastKnownFileType = sourcecode.c.h; path = ApiManager.h; sourceTree = "<group>"; };
		3B16E7AF1C29149B00B14CD4 /* ApiManager.m */ = {isa = PBXFileReference; fileEncoding = 4; lastKnownFileType = sourcecode.c.objc; path = ApiManager.m; sourceTree = "<group>"; };
		3B5C69CA1C2FF7E900D1AA61 /* RnMeSexSettingViewController.h */ = {isa = PBXFileReference; fileEncoding = 4; lastKnownFileType = sourcecode.c.h; path = RnMeSexSettingViewController.h; sourceTree = "<group>"; };
		3B5C69CB1C2FF7E900D1AA61 /* RnMeSexSettingViewController.m */ = {isa = PBXFileReference; fileEncoding = 4; lastKnownFileType = sourcecode.c.objc; path = RnMeSexSettingViewController.m; sourceTree = "<group>"; };
		3B5C69D01C31847A00D1AA61 /* SGActionView.h */ = {isa = PBXFileReference; fileEncoding = 4; lastKnownFileType = sourcecode.c.h; path = SGActionView.h; sourceTree = "<group>"; };
		3B5C69D11C31847A00D1AA61 /* SGActionView.m */ = {isa = PBXFileReference; fileEncoding = 4; lastKnownFileType = sourcecode.c.objc; path = SGActionView.m; sourceTree = "<group>"; };
		3B5C69D21C31847A00D1AA61 /* SGAlertMenu.h */ = {isa = PBXFileReference; fileEncoding = 4; lastKnownFileType = sourcecode.c.h; path = SGAlertMenu.h; sourceTree = "<group>"; };
		3B5C69D31C31847A00D1AA61 /* SGAlertMenu.m */ = {isa = PBXFileReference; fileEncoding = 4; lastKnownFileType = sourcecode.c.objc; path = SGAlertMenu.m; sourceTree = "<group>"; };
		3B5C69D41C31847A00D1AA61 /* SGBaseMenu.h */ = {isa = PBXFileReference; fileEncoding = 4; lastKnownFileType = sourcecode.c.h; path = SGBaseMenu.h; sourceTree = "<group>"; };
		3B5C69D51C31847A00D1AA61 /* SGBaseMenu.m */ = {isa = PBXFileReference; fileEncoding = 4; lastKnownFileType = sourcecode.c.objc; path = SGBaseMenu.m; sourceTree = "<group>"; };
		3B5C69D61C31847A00D1AA61 /* SGGridMenu.h */ = {isa = PBXFileReference; fileEncoding = 4; lastKnownFileType = sourcecode.c.h; path = SGGridMenu.h; sourceTree = "<group>"; };
		3B5C69D71C31847A00D1AA61 /* SGGridMenu.m */ = {isa = PBXFileReference; fileEncoding = 4; lastKnownFileType = sourcecode.c.objc; path = SGGridMenu.m; sourceTree = "<group>"; };
		3B5C69D81C31847A00D1AA61 /* SGSheetMenu.h */ = {isa = PBXFileReference; fileEncoding = 4; lastKnownFileType = sourcecode.c.h; path = SGSheetMenu.h; sourceTree = "<group>"; };
		3B5C69D91C31847A00D1AA61 /* SGSheetMenu.m */ = {isa = PBXFileReference; fileEncoding = 4; lastKnownFileType = sourcecode.c.objc; path = SGSheetMenu.m; sourceTree = "<group>"; };
		3B5C69E01C31888200D1AA61 /* MBButtonMenuViewController.h */ = {isa = PBXFileReference; fileEncoding = 4; lastKnownFileType = sourcecode.c.h; path = MBButtonMenuViewController.h; sourceTree = "<group>"; };
		3B5C69E11C31888200D1AA61 /* MBButtonMenuViewController.m */ = {isa = PBXFileReference; fileEncoding = 4; lastKnownFileType = sourcecode.c.objc; path = MBButtonMenuViewController.m; sourceTree = "<group>"; };
		3B5C69EC1C37640E00D1AA61 /* RnMeCellPushViewController.h */ = {isa = PBXFileReference; fileEncoding = 4; lastKnownFileType = sourcecode.c.h; path = RnMeCellPushViewController.h; sourceTree = "<group>"; };
		3B5C69ED1C37640E00D1AA61 /* RnMeCellPushViewController.m */ = {isa = PBXFileReference; fileEncoding = 4; lastKnownFileType = sourcecode.c.objc; path = RnMeCellPushViewController.m; sourceTree = "<group>"; };
		3B5C69F41C37BC7A00D1AA61 /* school.plist */ = {isa = PBXFileReference; fileEncoding = 4; lastKnownFileType = text.plist.xml; path = school.plist; sourceTree = "<group>"; };
		3B5C69F91C37C58200D1AA61 /* RnBasicViewController.h */ = {isa = PBXFileReference; fileEncoding = 4; lastKnownFileType = sourcecode.c.h; path = RnBasicViewController.h; sourceTree = "<group>"; };
		3B5C69FA1C37C58200D1AA61 /* RnBasicViewController.m */ = {isa = PBXFileReference; fileEncoding = 4; lastKnownFileType = sourcecode.c.objc; path = RnBasicViewController.m; sourceTree = "<group>"; };
		3B5C69FC1C37C5A200D1AA61 /* RnBaicTableViewCell.h */ = {isa = PBXFileReference; fileEncoding = 4; lastKnownFileType = sourcecode.c.h; path = RnBaicTableViewCell.h; sourceTree = "<group>"; };
		3B5C69FD1C37C5A200D1AA61 /* RnBaicTableViewCell.m */ = {isa = PBXFileReference; fileEncoding = 4; lastKnownFileType = sourcecode.c.objc; path = RnBaicTableViewCell.m; sourceTree = "<group>"; };
		3B5C69FF1C37C87100D1AA61 /* RnBasicView.h */ = {isa = PBXFileReference; fileEncoding = 4; lastKnownFileType = sourcecode.c.h; path = RnBasicView.h; sourceTree = "<group>"; };
		3B5C6A001C37C87100D1AA61 /* RnBasicView.m */ = {isa = PBXFileReference; fileEncoding = 4; lastKnownFileType = sourcecode.c.objc; path = RnBasicView.m; sourceTree = "<group>"; };
		3B6007311C2E8CF100F0CE8D /* AccountTable.h */ = {isa = PBXFileReference; fileEncoding = 4; lastKnownFileType = sourcecode.c.h; path = AccountTable.h; sourceTree = "<group>"; };
		3B6007321C2E8CF100F0CE8D /* AccountTable.m */ = {isa = PBXFileReference; fileEncoding = 4; lastKnownFileType = sourcecode.c.objc; path = AccountTable.m; sourceTree = "<group>"; };
		3B6007341C2E932600F0CE8D /* RnMeInfoViewController.h */ = {isa = PBXFileReference; fileEncoding = 4; lastKnownFileType = sourcecode.c.h; path = RnMeInfoViewController.h; sourceTree = "<group>"; };
		3B6007351C2E932600F0CE8D /* RnMeInfoViewController.m */ = {isa = PBXFileReference; fileEncoding = 4; lastKnownFileType = sourcecode.c.objc; path = RnMeInfoViewController.m; sourceTree = "<group>"; };
		3B6007391C2E94BA00F0CE8D /* me.plist */ = {isa = PBXFileReference; fileEncoding = 4; lastKnownFileType = text.plist.xml; path = me.plist; sourceTree = "<group>"; };
		3B60073B1C2FB2C900F0CE8D /* MBProgressHUD+MJ.h */ = {isa = PBXFileReference; fileEncoding = 4; lastKnownFileType = sourcecode.c.h; path = "MBProgressHUD+MJ.h"; sourceTree = "<group>"; };
		3B60073C1C2FB2C900F0CE8D /* MBProgressHUD+MJ.m */ = {isa = PBXFileReference; fileEncoding = 4; lastKnownFileType = sourcecode.c.objc; path = "MBProgressHUD+MJ.m"; sourceTree = "<group>"; };
		3B60073E1C2FC31800F0CE8D /* top_navigation_back@2x.png */ = {isa = PBXFileReference; lastKnownFileType = image.png; path = "top_navigation_back@2x.png"; sourceTree = "<group>"; };
		3B72E6701C292AF30009F523 /* 2.jpeg */ = {isa = PBXFileReference; lastKnownFileType = image.jpeg; path = 2.jpeg; sourceTree = "<group>"; };
		3B72E6711C292AF30009F523 /* 3.jpeg */ = {isa = PBXFileReference; lastKnownFileType = image.jpeg; path = 3.jpeg; sourceTree = "<group>"; };
		3B72E6721C292AF30009F523 /* 1.jpeg */ = {isa = PBXFileReference; lastKnownFileType = image.jpeg; path = 1.jpeg; sourceTree = "<group>"; };
		3B72E6761C292C480009F523 /* RnAccountScrollView.h */ = {isa = PBXFileReference; fileEncoding = 4; lastKnownFileType = sourcecode.c.h; path = RnAccountScrollView.h; sourceTree = "<group>"; };
		3B72E6771C292C490009F523 /* RnAccountScrollView.m */ = {isa = PBXFileReference; fileEncoding = 4; lastKnownFileType = sourcecode.c.objc; path = RnAccountScrollView.m; sourceTree = "<group>"; };
		3B72E6791C2AAFB70009F523 /* RnNavigationController.h */ = {isa = PBXFileReference; fileEncoding = 4; lastKnownFileType = sourcecode.c.h; path = RnNavigationController.h; sourceTree = "<group>"; };
		3B72E67A1C2AAFB70009F523 /* RnNavigationController.m */ = {isa = PBXFileReference; fileEncoding = 4; lastKnownFileType = sourcecode.c.objc; path = RnNavigationController.m; sourceTree = "<group>"; };
		3B72E67D1C2AC2080009F523 /* RnRegisterViewController.h */ = {isa = PBXFileReference; fileEncoding = 4; lastKnownFileType = sourcecode.c.h; path = RnRegisterViewController.h; sourceTree = "<group>"; };
		3B72E67E1C2AC2080009F523 /* RnRegisterViewController.m */ = {isa = PBXFileReference; fileEncoding = 4; lastKnownFileType = sourcecode.c.objc; path = RnRegisterViewController.m; sourceTree = "<group>"; };
		3B72E6851C2AE86C0009F523 /* RnFogotPwdViewController.h */ = {isa = PBXFileReference; fileEncoding = 4; lastKnownFileType = sourcecode.c.h; path = RnFogotPwdViewController.h; sourceTree = "<group>"; };
		3B72E6861C2AE86C0009F523 /* RnFogotPwdViewController.m */ = {isa = PBXFileReference; fileEncoding = 4; lastKnownFileType = sourcecode.c.objc; path = RnFogotPwdViewController.m; sourceTree = "<group>"; };
		3B72E68B1C2C1E450009F523 /* setting.plist */ = {isa = PBXFileReference; fileEncoding = 4; lastKnownFileType = text.plist.xml; path = setting.plist; sourceTree = "<group>"; };
		3B72E68D1C2C20D80009F523 /* RnSettingItem.h */ = {isa = PBXFileReference; fileEncoding = 4; lastKnownFileType = sourcecode.c.h; path = RnSettingItem.h; sourceTree = "<group>"; };
		3B72E68E1C2C20D80009F523 /* RnSettingItem.m */ = {isa = PBXFileReference; fileEncoding = 4; lastKnownFileType = sourcecode.c.objc; path = RnSettingItem.m; sourceTree = "<group>"; };
		3B72E6921C2C3F4C0009F523 /* RnSettingItemCell.h */ = {isa = PBXFileReference; fileEncoding = 4; lastKnownFileType = sourcecode.c.h; path = RnSettingItemCell.h; sourceTree = "<group>"; };
		3B72E6931C2C3F4C0009F523 /* RnSettingItemCell.m */ = {isa = PBXFileReference; fileEncoding = 4; lastKnownFileType = sourcecode.c.objc; path = RnSettingItemCell.m; sourceTree = "<group>"; };
		3B72E6951C2C44D30009F523 /* RnBasicSettingViewController.h */ = {isa = PBXFileReference; fileEncoding = 4; lastKnownFileType = sourcecode.c.h; path = RnBasicSettingViewController.h; sourceTree = "<group>"; };
		3B72E6961C2C44D30009F523 /* RnBasicSettingViewController.m */ = {isa = PBXFileReference; fileEncoding = 4; lastKnownFileType = sourcecode.c.objc; path = RnBasicSettingViewController.m; sourceTree = "<group>"; };
		3B72E6981C2CFC750009F523 /* RnMeSettingViewController.h */ = {isa = PBXFileReference; fileEncoding = 4; lastKnownFileType = sourcecode.c.h; path = RnMeSettingViewController.h; sourceTree = "<group>"; };
		3B72E6991C2CFC750009F523 /* RnMeSettingViewController.m */ = {isa = PBXFileReference; fileEncoding = 4; lastKnownFileType = sourcecode.c.objc; path = RnMeSettingViewController.m; sourceTree = "<group>"; };
		3B72E6A31C2E4F2C0009F523 /* RnViewCell.h */ = {isa = PBXFileReference; fileEncoding = 4; lastKnownFileType = sourcecode.c.h; path = RnViewCell.h; sourceTree = "<group>"; };
		3B72E6A41C2E4F2C0009F523 /* RnViewCell.m */ = {isa = PBXFileReference; fileEncoding = 4; lastKnownFileType = sourcecode.c.objc; path = RnViewCell.m; sourceTree = "<group>"; };
		3BF350CC1C2FCAAD00A5C7A1 /* RnPreferenceSettingViewController.h */ = {isa = PBXFileReference; fileEncoding = 4; lastKnownFileType = sourcecode.c.h; path = RnPreferenceSettingViewController.h; sourceTree = "<group>"; };
		3BF350CD1C2FCAAE00A5C7A1 /* RnPreferenceSettingViewController.m */ = {isa = PBXFileReference; fileEncoding = 4; lastKnownFileType = sourcecode.c.objc; path = RnPreferenceSettingViewController.m; sourceTree = "<group>"; };
		3BF350CF1C2FCB3600A5C7A1 /* preference.plist */ = {isa = PBXFileReference; fileEncoding = 4; lastKnownFileType = text.plist.xml; path = preference.plist; sourceTree = "<group>"; };
		3BF350D11C2FD66900A5C7A1 /* device.plist */ = {isa = PBXFileReference; fileEncoding = 4; lastKnownFileType = text.plist.xml; path = device.plist; sourceTree = "<group>"; };
		3BF350D31C2FD6E300A5C7A1 /* RnDeviceSettingViewController.h */ = {isa = PBXFileReference; fileEncoding = 4; lastKnownFileType = sourcecode.c.h; path = RnDeviceSettingViewController.h; sourceTree = "<group>"; };
		3BF350D41C2FD6E300A5C7A1 /* RnDeviceSettingViewController.m */ = {isa = PBXFileReference; fileEncoding = 4; lastKnownFileType = sourcecode.c.objc; path = RnDeviceSettingViewController.m; sourceTree = "<group>"; };
		3BF350D61C2FD85600A5C7A1 /* aboutApp.plist */ = {isa = PBXFileReference; fileEncoding = 4; lastKnownFileType = text.plist.xml; path = aboutApp.plist; sourceTree = "<group>"; };
		3BF350D81C2FD8F000A5C7A1 /* RnAboutAppSettingViewController.h */ = {isa = PBXFileReference; fileEncoding = 4; lastKnownFileType = sourcecode.c.h; path = RnAboutAppSettingViewController.h; sourceTree = "<group>"; };
		3BF350D91C2FD8F000A5C7A1 /* RnAboutAppSettingViewController.m */ = {isa = PBXFileReference; fileEncoding = 4; lastKnownFileType = sourcecode.c.objc; path = RnAboutAppSettingViewController.m; sourceTree = "<group>"; };
		9C4F2DDFFF24178D160BE8C4 /* Pods.release.xcconfig */ = {isa = PBXFileReference; includeInIndex = 1; lastKnownFileType = text.xcconfig; name = Pods.release.xcconfig; path = "Pods/Target Support Files/Pods/Pods.release.xcconfig"; sourceTree = "<group>"; };
		A232FDE467A7A9AD2E7EFC08 /* libPods.a */ = {isa = PBXFileReference; explicitFileType = archive.ar; includeInIndex = 0; path = libPods.a; sourceTree = BUILT_PRODUCTS_DIR; };
		FB228D93D4062293DFD62F6C /* Pods.debug.xcconfig */ = {isa = PBXFileReference; includeInIndex = 1; lastKnownFileType = text.xcconfig; name = Pods.debug.xcconfig; path = "Pods/Target Support Files/Pods/Pods.debug.xcconfig"; sourceTree = "<group>"; };
/* End PBXFileReference section */

/* Begin PBXFrameworksBuildPhase section */
		3B16E7421C28582E00B14CD4 /* Frameworks */ = {
			isa = PBXFrameworksBuildPhase;
			buildActionMask = 2147483647;
			files = (
				3B16E7601C285DB400B14CD4 /* libsqlite3.0.tbd in Frameworks */,
				3791964298628EBFFBEDEE13 /* libPods.a in Frameworks */,
			);
			runOnlyForDeploymentPostprocessing = 0;
		};
/* End PBXFrameworksBuildPhase section */

/* Begin PBXGroup section */
		3B16E73C1C28582D00B14CD4 = {
			isa = PBXGroup;
			children = (
				3B16E7621C285E2D00B14CD4 /* Podfile */,
				3B16E75F1C285DB400B14CD4 /* libsqlite3.0.tbd */,
				3B16E7471C28582E00B14CD4 /* soxia */,
				3B16E7461C28582E00B14CD4 /* Products */,
				A5F97EAAFFC8527108B4FA08 /* Pods */,
				6CAF5AC93F1CF083A9459568 /* Frameworks */,
			);
			sourceTree = "<group>";
		};
		3B16E7461C28582E00B14CD4 /* Products */ = {
			isa = PBXGroup;
			children = (
				3B16E7451C28582E00B14CD4 /* soxia.app */,
			);
			name = Products;
			sourceTree = "<group>";
		};
		3B16E7471C28582E00B14CD4 /* soxia */ = {
			isa = PBXGroup;
			children = (
				3B16E7651C285F1300B14CD4 /* Framework */,
				3B16E7661C285F1300B14CD4 /* Sources */,
				3B16E7671C285F1300B14CD4 /* Vendor */,
				3B16E7641C285F1300B14CD4 /* Classes */,
				3B16E74E1C28582E00B14CD4 /* ViewController.h */,
				3B16E74F1C28582E00B14CD4 /* ViewController.m */,
				3B16E7481C28582E00B14CD4 /* Supporting Files */,
			);
			path = soxia;
			sourceTree = "<group>";
		};
		3B16E7481C28582E00B14CD4 /* Supporting Files */ = {
			isa = PBXGroup;
			children = (
				3B16E7511C28582E00B14CD4 /* Main.storyboard */,
				3BF350D61C2FD85600A5C7A1 /* aboutApp.plist */,
				3B5C69F41C37BC7A00D1AA61 /* school.plist */,
				3B72E68B1C2C1E450009F523 /* setting.plist */,
				3BF350D11C2FD66900A5C7A1 /* device.plist */,
				3BF350CF1C2FCB3600A5C7A1 /* preference.plist */,
				3B16E7541C28582E00B14CD4 /* Assets.xcassets */,
				3B16E7561C28582E00B14CD4 /* LaunchScreen.storyboard */,
				3B16E7591C28582E00B14CD4 /* Info.plist */,
				3B16E7491C28582E00B14CD4 /* main.m */,
				3B16E7611C285DCB00B14CD4 /* PrefixHeader.pch */,
				3B6007391C2E94BA00F0CE8D /* me.plist */,
			);
			name = "Supporting Files";
			sourceTree = "<group>";
		};
		3B16E7641C285F1300B14CD4 /* Classes */ = {
			isa = PBXGroup;
			children = (
				3B16E7AD1C29146200B14CD4 /* Model */,
				3B16E7A91C290EFA00B14CD4 /* View */,
				3B16E7A81C290EEA00B14CD4 /* Controller */,
				3B16E7681C285F1E00B14CD4 /* Other */,
			);
			path = Classes;
			sourceTree = "<group>";
		};
		3B16E7651C285F1300B14CD4 /* Framework */ = {
			isa = PBXGroup;
			children = (
				3B5C69DF1C31888200D1AA61 /* Button Menu */,
				3B60073B1C2FB2C900F0CE8D /* MBProgressHUD+MJ.h */,
				3B60073C1C2FB2C900F0CE8D /* MBProgressHUD+MJ.m */,
				3B5C69CF1C31847A00D1AA61 /* SGActionView */,
			);
			path = Framework;
			sourceTree = "<group>";
		};
		3B16E7661C285F1300B14CD4 /* Sources */ = {
			isa = PBXGroup;
			children = (
				3B16E7691C2904EC00B14CD4 /* pic */,
			);
			path = Sources;
			sourceTree = "<group>";
		};
		3B16E7671C285F1300B14CD4 /* Vendor */ = {
			isa = PBXGroup;
			children = (
			);
			path = Vendor;
			sourceTree = "<group>";
		};
		3B16E7681C285F1E00B14CD4 /* Other */ = {
			isa = PBXGroup;
			children = (
				3B16E74B1C28582E00B14CD4 /* AppDelegate.h */,
				3B16E74C1C28582E00B14CD4 /* AppDelegate.m */,
			);
			name = Other;
			sourceTree = "<group>";
		};
		3B16E7691C2904EC00B14CD4 /* pic */ = {
			isa = PBXGroup;
			children = (
				3B72E6701C292AF30009F523 /* 2.jpeg */,
				3B72E6711C292AF30009F523 /* 3.jpeg */,
				3B72E6721C292AF30009F523 /* 1.jpeg */,
				3B60073E1C2FC31800F0CE8D /* top_navigation_back@2x.png */,
				3B16E7741C2909FD00B14CD4 /* login_textfield_bottom.png */,
				3B16E7751C2909FD00B14CD4 /* login_textfield_bottom@2x.png */,
				3B16E7761C2909FD00B14CD4 /* login_textfield_mid.png */,
				3B16E7771C2909FD00B14CD4 /* login_textfield_top.png */,
				3B16E7781C2909FD00B14CD4 /* login_textfield_top@2x.png */,
				3B16E7791C2909FD00B14CD4 /* login_textfield_more_flip.png */,
				3B16E77A1C2909FD00B14CD4 /* login_textfield_more_flip@2x.png */,
				3B16E77B1C2909FD00B14CD4 /* login_textfield_more.png */,
				3B16E77C1C2909FD00B14CD4 /* login_textfield_more@2x.png */,
				3B16E77D1C2909FD00B14CD4 /* login_textfield.png */,
				3B16E77E1C2909FD00B14CD4 /* login_textfield@2x.png */,
				3B16E77F1C2909FD00B14CD4 /* login_avatar_default.png */,
				3B16E7801C2909FD00B14CD4 /* login_avatar_default@2x.png */,
				3B16E7811C2909FD00B14CD4 /* login_avatar.png */,
				3B16E7821C2909FD00B14CD4 /* login_avatar@2x.png */,
				3B16E7831C2909FD00B14CD4 /* login_dropdown_avatar_border.png */,
				3B16E7841C2909FD00B14CD4 /* login_dropdown_avatar_border@2x.png */,
				3B16E7851C2909FD00B14CD4 /* login_dropdown_bg.png */,
				3B16E7861C2909FD00B14CD4 /* login_dropdown_bg@2x.png */,
				3B16E7871C2909FD00B14CD4 /* login_btn_blue_nor.png */,
				3B16E7881C2909FD00B14CD4 /* login_btn_blue_nor@2x.png */,
				3B16E7891C2909FD00B14CD4 /* login_btn_blue_press.png */,
				3B16E78A1C2909FD00B14CD4 /* login_btn_blue_press@2x.png */,
				3B16E78B1C2909FD00B14CD4 /* login_bg_ip5@2x.jpg */,
				3B16E78C1C2909FD00B14CD4 /* login_bg.jpg */,
				3B16E78D1C2909FD00B14CD4 /* login_bg@2x.jpg */,
			);
			name = pic;
			sourceTree = "<group>";
		};
		3B16E7701C29096800B14CD4 /* Login */ = {
			isa = PBXGroup;
			children = (
				3B16E7711C29099200B14CD4 /* RnLoginViewController.h */,
				3B16E7721C29099200B14CD4 /* RnLoginViewController.m */,
				3B72E67D1C2AC2080009F523 /* RnRegisterViewController.h */,
				3B72E67E1C2AC2080009F523 /* RnRegisterViewController.m */,
				3B72E6851C2AE86C0009F523 /* RnFogotPwdViewController.h */,
				3B72E6861C2AE86C0009F523 /* RnFogotPwdViewController.m */,
			);
			name = Login;
			sourceTree = "<group>";
		};
		3B16E7A81C290EEA00B14CD4 /* Controller */ = {
			isa = PBXGroup;
			children = (
				3B72E68A1C2C1DC90009F523 /* Setting */,
				3B72E67C1C2AAFC00009F523 /* Main */,
				3B16E7701C29096800B14CD4 /* Login */,
			);
			name = Controller;
			sourceTree = "<group>";
		};
		3B16E7A91C290EFA00B14CD4 /* View */ = {
			isa = PBXGroup;
			children = (
				3B72E6911C2C3F130009F523 /* Me */,
				3B16E7AA1C290F1900B14CD4 /* RnButton.h */,
				3B16E7AB1C290F1900B14CD4 /* RnButton.m */,
				3B72E6761C292C480009F523 /* RnAccountScrollView.h */,
				3B72E6771C292C490009F523 /* RnAccountScrollView.m */,
				3B5C69FC1C37C5A200D1AA61 /* RnBaicTableViewCell.h */,
				3B5C69FD1C37C5A200D1AA61 /* RnBaicTableViewCell.m */,
				3B5C69FF1C37C87100D1AA61 /* RnBasicView.h */,
				3B5C6A001C37C87100D1AA61 /* RnBasicView.m */,
				3B5C69F91C37C58200D1AA61 /* RnBasicViewController.h */,
				3B5C69FA1C37C58200D1AA61 /* RnBasicViewController.m */,
			);
			name = View;
			sourceTree = "<group>";
		};
		3B16E7AD1C29146200B14CD4 /* Model */ = {
			isa = PBXGroup;
			children = (
				3B16E7AE1C29149B00B14CD4 /* ApiManager.h */,
				3B16E7AF1C29149B00B14CD4 /* ApiManager.m */,
				3B6007311C2E8CF100F0CE8D /* AccountTable.h */,
				3B6007321C2E8CF100F0CE8D /* AccountTable.m */,
				3B72E6901C2C3EA90009F523 /* Me */,
			);
			name = Model;
			sourceTree = "<group>";
		};
		3B5C69C31C2FF5B100D1AA61 /* MeAccount */ = {
			isa = PBXGroup;
			children = (
				3B72E6981C2CFC750009F523 /* RnMeSettingViewController.h */,
				3B72E6991C2CFC750009F523 /* RnMeSettingViewController.m */,
				3B6007341C2E932600F0CE8D /* RnMeInfoViewController.h */,
				3B6007351C2E932600F0CE8D /* RnMeInfoViewController.m */,
				3B5C69EC1C37640E00D1AA61 /* RnMeCellPushViewController.h */,
				3B5C69ED1C37640E00D1AA61 /* RnMeCellPushViewController.m */,
				3B5C69CA1C2FF7E900D1AA61 /* RnMeSexSettingViewController.h */,
				3B5C69CB1C2FF7E900D1AA61 /* RnMeSexSettingViewController.m */,
			);
			name = MeAccount;
			sourceTree = "<group>";
		};
		3B5C69CF1C31847A00D1AA61 /* SGActionView */ = {
			isa = PBXGroup;
			children = (
				3B5C69D01C31847A00D1AA61 /* SGActionView.h */,
				3B5C69D11C31847A00D1AA61 /* SGActionView.m */,
				3B5C69D21C31847A00D1AA61 /* SGAlertMenu.h */,
				3B5C69D31C31847A00D1AA61 /* SGAlertMenu.m */,
				3B5C69D41C31847A00D1AA61 /* SGBaseMenu.h */,
				3B5C69D51C31847A00D1AA61 /* SGBaseMenu.m */,
				3B5C69D61C31847A00D1AA61 /* SGGridMenu.h */,
				3B5C69D71C31847A00D1AA61 /* SGGridMenu.m */,
				3B5C69D81C31847A00D1AA61 /* SGSheetMenu.h */,
				3B5C69D91C31847A00D1AA61 /* SGSheetMenu.m */,
			);
			path = SGActionView;
			sourceTree = "<group>";
		};
		3B5C69DF1C31888200D1AA61 /* Button Menu */ = {
			isa = PBXGroup;
			children = (
				3B5C69E01C31888200D1AA61 /* MBButtonMenuViewController.h */,
				3B5C69E11C31888200D1AA61 /* MBButtonMenuViewController.m */,
			);
			path = "Button Menu";
			sourceTree = "<group>";
		};
		3B72E67C1C2AAFC00009F523 /* Main */ = {
			isa = PBXGroup;
			children = (
				3B72E6791C2AAFB70009F523 /* RnNavigationController.h */,
				3B72E67A1C2AAFB70009F523 /* RnNavigationController.m */,
			);
			name = Main;
			sourceTree = "<group>";
		};
		3B72E68A1C2C1DC90009F523 /* Setting */ = {
			isa = PBXGroup;
			children = (
				3B5C69C31C2FF5B100D1AA61 /* MeAccount */,
				3B72E6951C2C44D30009F523 /* RnBasicSettingViewController.h */,
				3B72E6961C2C44D30009F523 /* RnBasicSettingViewController.m */,
				3BF350CC1C2FCAAD00A5C7A1 /* RnPreferenceSettingViewController.h */,
				3BF350CD1C2FCAAE00A5C7A1 /* RnPreferenceSettingViewController.m */,
				3BF350D31C2FD6E300A5C7A1 /* RnDeviceSettingViewController.h */,
				3BF350D41C2FD6E300A5C7A1 /* RnDeviceSettingViewController.m */,
				3BF350D81C2FD8F000A5C7A1 /* RnAboutAppSettingViewController.h */,
				3BF350D91C2FD8F000A5C7A1 /* RnAboutAppSettingViewController.m */,
			);
			name = Setting;
			sourceTree = "<group>";
		};
		3B72E6901C2C3EA90009F523 /* Me */ = {
			isa = PBXGroup;
			children = (
				3B72E68D1C2C20D80009F523 /* RnSettingItem.h */,
				3B72E68E1C2C20D80009F523 /* RnSettingItem.m */,
			);
			name = Me;
			sourceTree = "<group>";
		};
		3B72E6911C2C3F130009F523 /* Me */ = {
			isa = PBXGroup;
			children = (
				3B72E6921C2C3F4C0009F523 /* RnSettingItemCell.h */,
				3B72E6931C2C3F4C0009F523 /* RnSettingItemCell.m */,
				3B72E6A31C2E4F2C0009F523 /* RnViewCell.h */,
				3B72E6A41C2E4F2C0009F523 /* RnViewCell.m */,
			);
			name = Me;
			sourceTree = "<group>";
		};
		6CAF5AC93F1CF083A9459568 /* Frameworks */ = {
			isa = PBXGroup;
			children = (
				A232FDE467A7A9AD2E7EFC08 /* libPods.a */,
			);
			name = Frameworks;
			sourceTree = "<group>";
		};
		A5F97EAAFFC8527108B4FA08 /* Pods */ = {
			isa = PBXGroup;
			children = (
				FB228D93D4062293DFD62F6C /* Pods.debug.xcconfig */,
				9C4F2DDFFF24178D160BE8C4 /* Pods.release.xcconfig */,
			);
			name = Pods;
			sourceTree = "<group>";
		};
/* End PBXGroup section */

/* Begin PBXNativeTarget section */
		3B16E7441C28582E00B14CD4 /* soxia */ = {
			isa = PBXNativeTarget;
			buildConfigurationList = 3B16E75C1C28582E00B14CD4 /* Build configuration list for PBXNativeTarget "soxia" */;
			buildPhases = (
				FE8F31757061D261EC294CC2 /* Check Pods Manifest.lock */,
				3B16E7411C28582E00B14CD4 /* Sources */,
				3B16E7421C28582E00B14CD4 /* Frameworks */,
				3B16E7431C28582E00B14CD4 /* Resources */,
				ED01D6F2E2C8837196CBCC09 /* Embed Pods Frameworks */,
				12FE14D9B07D18F83E3B5C78 /* Copy Pods Resources */,
			);
			buildRules = (
			);
			dependencies = (
			);
			name = soxia;
			productName = soxia;
			productReference = 3B16E7451C28582E00B14CD4 /* soxia.app */;
			productType = "com.apple.product-type.application";
		};
/* End PBXNativeTarget section */

/* Begin PBXProject section */
		3B16E73D1C28582E00B14CD4 /* Project object */ = {
			isa = PBXProject;
			attributes = {
				LastUpgradeCheck = 0710;
				ORGANIZATIONNAME = ningning;
				TargetAttributes = {
					3B16E7441C28582E00B14CD4 = {
						CreatedOnToolsVersion = 7.1.1;
					};
				};
			};
			buildConfigurationList = 3B16E7401C28582E00B14CD4 /* Build configuration list for PBXProject "soxia" */;
			compatibilityVersion = "Xcode 3.2";
			developmentRegion = English;
			hasScannedForEncodings = 0;
			knownRegions = (
				en,
				Base,
			);
			mainGroup = 3B16E73C1C28582D00B14CD4;
			productRefGroup = 3B16E7461C28582E00B14CD4 /* Products */;
			projectDirPath = "";
			projectRoot = "";
			targets = (
				3B16E7441C28582E00B14CD4 /* soxia */,
			);
		};
/* End PBXProject section */

/* Begin PBXResourcesBuildPhase section */
		3B16E7431C28582E00B14CD4 /* Resources */ = {
			isa = PBXResourcesBuildPhase;
			buildActionMask = 2147483647;
			files = (
				3B16E7901C2909FD00B14CD4 /* login_textfield_mid.png in Resources */,
				3B16E7931C2909FD00B14CD4 /* login_textfield_more_flip.png in Resources */,
				3B16E7A11C2909FD00B14CD4 /* login_btn_blue_nor.png in Resources */,
				3B16E79D1C2909FD00B14CD4 /* login_dropdown_avatar_border.png in Resources */,
				3B16E7581C28582E00B14CD4 /* LaunchScreen.storyboard in Resources */,
				3B16E7A71C2909FD00B14CD4 /* login_bg@2x.jpg in Resources */,
				3BF350D21C2FD66900A5C7A1 /* device.plist in Resources */,
				3B16E7971C2909FD00B14CD4 /* login_textfield.png in Resources */,
				3B16E79F1C2909FD00B14CD4 /* login_dropdown_bg.png in Resources */,
				3B16E7941C2909FD00B14CD4 /* login_textfield_more_flip@2x.png in Resources */,
				3BF350D71C2FD85600A5C7A1 /* aboutApp.plist in Resources */,
				3B72E6741C292AF30009F523 /* 3.jpeg in Resources */,
				3B16E7551C28582E00B14CD4 /* Assets.xcassets in Resources */,
				3B16E7991C2909FD00B14CD4 /* login_avatar_default.png in Resources */,
				3B16E78E1C2909FD00B14CD4 /* login_textfield_bottom.png in Resources */,
				3B60073F1C2FC31800F0CE8D /* top_navigation_back@2x.png in Resources */,
				3B72E6731C292AF30009F523 /* 2.jpeg in Resources */,
				3B16E7A61C2909FD00B14CD4 /* login_bg.jpg in Resources */,
				3B16E7A21C2909FD00B14CD4 /* login_btn_blue_nor@2x.png in Resources */,
				3B16E7631C285E2D00B14CD4 /* Podfile in Resources */,
				3B16E7981C2909FD00B14CD4 /* login_textfield@2x.png in Resources */,
				3B16E79A1C2909FD00B14CD4 /* login_avatar_default@2x.png in Resources */,
				3B16E7911C2909FD00B14CD4 /* login_textfield_top.png in Resources */,
				3B16E7531C28582E00B14CD4 /* Main.storyboard in Resources */,
				3B16E7A41C2909FD00B14CD4 /* login_btn_blue_press@2x.png in Resources */,
				3B16E7921C2909FD00B14CD4 /* login_textfield_top@2x.png in Resources */,
				3B72E6751C292AF30009F523 /* 1.jpeg in Resources */,
				3B16E79C1C2909FD00B14CD4 /* login_avatar@2x.png in Resources */,
				3BF350D01C2FCB3600A5C7A1 /* preference.plist in Resources */,
				3B16E79E1C2909FD00B14CD4 /* login_dropdown_avatar_border@2x.png in Resources */,
				3B5C69F51C37BC7A00D1AA61 /* school.plist in Resources */,
				3B16E79B1C2909FD00B14CD4 /* login_avatar.png in Resources */,
				3B16E7A51C2909FD00B14CD4 /* login_bg_ip5@2x.jpg in Resources */,
				3B16E7951C2909FD00B14CD4 /* login_textfield_more.png in Resources */,
				3B16E7A31C2909FD00B14CD4 /* login_btn_blue_press.png in Resources */,
				3B16E7A01C2909FD00B14CD4 /* login_dropdown_bg@2x.png in Resources */,
				3B72E68C1C2C1E450009F523 /* setting.plist in Resources */,
				3B16E7961C2909FD00B14CD4 /* login_textfield_more@2x.png in Resources */,
				3B60073A1C2E94BA00F0CE8D /* me.plist in Resources */,
				3B16E78F1C2909FD00B14CD4 /* login_textfield_bottom@2x.png in Resources */,
			);
			runOnlyForDeploymentPostprocessing = 0;
		};
/* End PBXResourcesBuildPhase section */

/* Begin PBXShellScriptBuildPhase section */
		12FE14D9B07D18F83E3B5C78 /* Copy Pods Resources */ = {
			isa = PBXShellScriptBuildPhase;
			buildActionMask = 2147483647;
			files = (
			);
			inputPaths = (
			);
			name = "Copy Pods Resources";
			outputPaths = (
			);
			runOnlyForDeploymentPostprocessing = 0;
			shellPath = /bin/sh;
			shellScript = "\"${SRCROOT}/Pods/Target Support Files/Pods/Pods-resources.sh\"\n";
			showEnvVarsInLog = 0;
		};
		ED01D6F2E2C8837196CBCC09 /* Embed Pods Frameworks */ = {
			isa = PBXShellScriptBuildPhase;
			buildActionMask = 2147483647;
			files = (
			);
			inputPaths = (
			);
			name = "Embed Pods Frameworks";
			outputPaths = (
			);
			runOnlyForDeploymentPostprocessing = 0;
			shellPath = /bin/sh;
			shellScript = "\"${SRCROOT}/Pods/Target Support Files/Pods/Pods-frameworks.sh\"\n";
			showEnvVarsInLog = 0;
		};
		FE8F31757061D261EC294CC2 /* Check Pods Manifest.lock */ = {
			isa = PBXShellScriptBuildPhase;
			buildActionMask = 2147483647;
			files = (
			);
			inputPaths = (
			);
			name = "Check Pods Manifest.lock";
			outputPaths = (
			);
			runOnlyForDeploymentPostprocessing = 0;
			shellPath = /bin/sh;
			shellScript = "diff \"${PODS_ROOT}/../Podfile.lock\" \"${PODS_ROOT}/Manifest.lock\" > /dev/null\nif [[ $? != 0 ]] ; then\n    cat << EOM\nerror: The sandbox is not in sync with the Podfile.lock. Run 'pod install' or update your CocoaPods installation.\nEOM\n    exit 1\nfi\n";
			showEnvVarsInLog = 0;
		};
/* End PBXShellScriptBuildPhase section */

/* Begin PBXSourcesBuildPhase section */
		3B16E7411C28582E00B14CD4 /* Sources */ = {
			isa = PBXSourcesBuildPhase;
			buildActionMask = 2147483647;
			files = (
				3B5C69DC1C31847A00D1AA61 /* SGBaseMenu.m in Sources */,
				3B60073D1C2FB2C900F0CE8D /* MBProgressHUD+MJ.m in Sources */,
				3B5C69FB1C37C58200D1AA61 /* RnBasicViewController.m in Sources */,
				3B72E6781C292C490009F523 /* RnAccountScrollView.m in Sources */,
				3B72E6941C2C3F4C0009F523 /* RnSettingItemCell.m in Sources */,
				3BF350DA1C2FD8F000A5C7A1 /* RnAboutAppSettingViewController.m in Sources */,
				3B16E7501C28582E00B14CD4 /* ViewController.m in Sources */,
				3BF350CE1C2FCAAE00A5C7A1 /* RnPreferenceSettingViewController.m in Sources */,
				3B5C69CD1C2FF7E900D1AA61 /* RnMeSexSettingViewController.m in Sources */,
				3BF350D51C2FD6E300A5C7A1 /* RnDeviceSettingViewController.m in Sources */,
				3B72E6881C2AE86C0009F523 /* RnFogotPwdViewController.m in Sources */,
				3B16E74D1C28582E00B14CD4 /* AppDelegate.m in Sources */,
				3B72E69A1C2CFC750009F523 /* RnMeSettingViewController.m in Sources */,
				3B5C69FE1C37C5A200D1AA61 /* RnBaicTableViewCell.m in Sources */,
				3B72E6971C2C44D30009F523 /* RnBasicSettingViewController.m in Sources */,
				3B16E7B01C29149B00B14CD4 /* ApiManager.m in Sources */,
				3B6007361C2E932600F0CE8D /* RnMeInfoViewController.m in Sources */,
				3B16E7731C29099200B14CD4 /* RnLoginViewController.m in Sources */,
				3B5C6A011C37C87100D1AA61 /* RnBasicView.m in Sources */,
				3B72E6A51C2E4F2C0009F523 /* RnViewCell.m in Sources */,
				3B72E68F1C2C20D80009F523 /* RnSettingItem.m in Sources */,
				3B5C69E21C31888200D1AA61 /* MBButtonMenuViewController.m in Sources */,
				3B5C69EE1C37640E00D1AA61 /* RnMeCellPushViewController.m in Sources */,
				3B5C69DA1C31847A00D1AA61 /* SGActionView.m in Sources */,
				3B72E67B1C2AAFB70009F523 /* RnNavigationController.m in Sources */,
				3B5C69DD1C31847A00D1AA61 /* SGGridMenu.m in Sources */,
				3B16E7AC1C290F1900B14CD4 /* RnButton.m in Sources */,
				3B72E6801C2AC2080009F523 /* RnRegisterViewController.m in Sources */,
				3B6007331C2E8CF100F0CE8D /* AccountTable.m in Sources */,
				3B16E74A1C28582E00B14CD4 /* main.m in Sources */,
				3B5C69DB1C31847A00D1AA61 /* SGAlertMenu.m in Sources */,
				3B5C69DE1C31847A00D1AA61 /* SGSheetMenu.m in Sources */,
			);
			runOnlyForDeploymentPostprocessing = 0;
		};
/* End PBXSourcesBuildPhase section */

/* Begin PBXVariantGroup section */
		3B16E7511C28582E00B14CD4 /* Main.storyboard */ = {
			isa = PBXVariantGroup;
			children = (
				3B16E7521C28582E00B14CD4 /* Base */,
			);
			name = Main.storyboard;
			sourceTree = "<group>";
		};
		3B16E7561C28582E00B14CD4 /* LaunchScreen.storyboard */ = {
			isa = PBXVariantGroup;
			children = (
				3B16E7571C28582E00B14CD4 /* Base */,
			);
			name = LaunchScreen.storyboard;
			sourceTree = "<group>";
		};
/* End PBXVariantGroup section */

/* Begin XCBuildConfiguration section */
		3B16E75A1C28582E00B14CD4 /* Debug */ = {
			isa = XCBuildConfiguration;
			buildSettings = {
				ALWAYS_SEARCH_USER_PATHS = NO;
				CLANG_CXX_LANGUAGE_STANDARD = "gnu++0x";
				CLANG_CXX_LIBRARY = "libc++";
				CLANG_ENABLE_MODULES = YES;
				CLANG_ENABLE_OBJC_ARC = YES;
				CLANG_WARN_BOOL_CONVERSION = YES;
				CLANG_WARN_CONSTANT_CONVERSION = YES;
				CLANG_WARN_DIRECT_OBJC_ISA_USAGE = YES_ERROR;
				CLANG_WARN_EMPTY_BODY = YES;
				CLANG_WARN_ENUM_CONVERSION = YES;
				CLANG_WARN_INT_CONVERSION = YES;
				CLANG_WARN_OBJC_ROOT_CLASS = YES_ERROR;
				CLANG_WARN_UNREACHABLE_CODE = YES;
				CLANG_WARN__DUPLICATE_METHOD_MATCH = YES;
				"CODE_SIGN_IDENTITY[sdk=iphoneos*]" = "iPhone Developer";
				COPY_PHASE_STRIP = NO;
				DEBUG_INFORMATION_FORMAT = dwarf;
				ENABLE_STRICT_OBJC_MSGSEND = YES;
				ENABLE_TESTABILITY = YES;
				GCC_C_LANGUAGE_STANDARD = gnu99;
				GCC_DYNAMIC_NO_PIC = NO;
				GCC_NO_COMMON_BLOCKS = YES;
				GCC_OPTIMIZATION_LEVEL = 0;
				GCC_PREPROCESSOR_DEFINITIONS = (
					"DEBUG=1",
					"$(inherited)",
				);
				GCC_WARN_64_TO_32_BIT_CONVERSION = YES;
				GCC_WARN_ABOUT_RETURN_TYPE = YES_ERROR;
				GCC_WARN_UNDECLARED_SELECTOR = YES;
				GCC_WARN_UNINITIALIZED_AUTOS = YES_AGGRESSIVE;
				GCC_WARN_UNUSED_FUNCTION = YES;
				GCC_WARN_UNUSED_VARIABLE = YES;
				IPHONEOS_DEPLOYMENT_TARGET = 9.1;
				MTL_ENABLE_DEBUG_INFO = YES;
				ONLY_ACTIVE_ARCH = YES;
				SDKROOT = iphoneos;
			};
			name = Debug;
		};
		3B16E75B1C28582E00B14CD4 /* Release */ = {
			isa = XCBuildConfiguration;
			buildSettings = {
				ALWAYS_SEARCH_USER_PATHS = NO;
				CLANG_CXX_LANGUAGE_STANDARD = "gnu++0x";
				CLANG_CXX_LIBRARY = "libc++";
				CLANG_ENABLE_MODULES = YES;
				CLANG_ENABLE_OBJC_ARC = YES;
				CLANG_WARN_BOOL_CONVERSION = YES;
				CLANG_WARN_CONSTANT_CONVERSION = YES;
				CLANG_WARN_DIRECT_OBJC_ISA_USAGE = YES_ERROR;
				CLANG_WARN_EMPTY_BODY = YES;
				CLANG_WARN_ENUM_CONVERSION = YES;
				CLANG_WARN_INT_CONVERSION = YES;
				CLANG_WARN_OBJC_ROOT_CLASS = YES_ERROR;
				CLANG_WARN_UNREACHABLE_CODE = YES;
				CLANG_WARN__DUPLICATE_METHOD_MATCH = YES;
				"CODE_SIGN_IDENTITY[sdk=iphoneos*]" = "iPhone Developer";
				COPY_PHASE_STRIP = NO;
				DEBUG_INFORMATION_FORMAT = "dwarf-with-dsym";
				ENABLE_NS_ASSERTIONS = NO;
				ENABLE_STRICT_OBJC_MSGSEND = YES;
				GCC_C_LANGUAGE_STANDARD = gnu99;
				GCC_NO_COMMON_BLOCKS = YES;
				GCC_WARN_64_TO_32_BIT_CONVERSION = YES;
				GCC_WARN_ABOUT_RETURN_TYPE = YES_ERROR;
				GCC_WARN_UNDECLARED_SELECTOR = YES;
				GCC_WARN_UNINITIALIZED_AUTOS = YES_AGGRESSIVE;
				GCC_WARN_UNUSED_FUNCTION = YES;
				GCC_WARN_UNUSED_VARIABLE = YES;
				IPHONEOS_DEPLOYMENT_TARGET = 9.1;
				MTL_ENABLE_DEBUG_INFO = NO;
				SDKROOT = iphoneos;
				VALIDATE_PRODUCT = YES;
			};
			name = Release;
		};
		3B16E75D1C28582E00B14CD4 /* Debug */ = {
			isa = XCBuildConfiguration;
			baseConfigurationReference = FB228D93D4062293DFD62F6C /* Pods.debug.xcconfig */;
			buildSettings = {
				ASSETCATALOG_COMPILER_APPICON_NAME = AppIcon;
				GCC_PREFIX_HEADER = "$(SRCROOT)/soxia/PrefixHeader.pch";
				INFOPLIST_FILE = soxia/Info.plist;
				LD_RUNPATH_SEARCH_PATHS = "$(inherited) @executable_path/Frameworks";
				PRODUCT_BUNDLE_IDENTIFIER = cn.velda.soxia;
				PRODUCT_NAME = "$(TARGET_NAME)";
			};
			name = Debug;
		};
		3B16E75E1C28582E00B14CD4 /* Release */ = {
			isa = XCBuildConfiguration;
			baseConfigurationReference = 9C4F2DDFFF24178D160BE8C4 /* Pods.release.xcconfig */;
			buildSettings = {
				ASSETCATALOG_COMPILER_APPICON_NAME = AppIcon;
				GCC_PREFIX_HEADER = "$(SRCROOT)/soxia/PrefixHeader.pch";
				INFOPLIST_FILE = soxia/Info.plist;
				LD_RUNPATH_SEARCH_PATHS = "$(inherited) @executable_path/Frameworks";
				PRODUCT_BUNDLE_IDENTIFIER = cn.velda.soxia;
				PRODUCT_NAME = "$(TARGET_NAME)";
			};
			name = Release;
		};
/* End XCBuildConfiguration section */

/* Begin XCConfigurationList section */
		3B16E7401C28582E00B14CD4 /* Build configuration list for PBXProject "soxia" */ = {
			isa = XCConfigurationList;
			buildConfigurations = (
				3B16E75A1C28582E00B14CD4 /* Debug */,
				3B16E75B1C28582E00B14CD4 /* Release */,
			);
			defaultConfigurationIsVisible = 0;
			defaultConfigurationName = Release;
		};
		3B16E75C1C28582E00B14CD4 /* Build configuration list for PBXNativeTarget "soxia" */ = {
			isa = XCConfigurationList;
			buildConfigurations = (
				3B16E75D1C28582E00B14CD4 /* Debug */,
				3B16E75E1C28582E00B14CD4 /* Release */,
			);
			defaultConfigurationIsVisible = 0;
			defaultConfigurationName = Release;
		};
/* End XCConfigurationList section */
	};
	rootObject = 3B16E73D1C28582E00B14CD4 /* Project object */;
}
